
Microsoft Visual Studio Solution File, Format Version 12.00
# Visual Studio Version 17
VisualStudioVersion = 17.8.34322.80
MinimumVisualStudioVersion = 10.0.40219.1
Project("{2150E333-8FDC-42A3-9474-1A3956D46DE8}") = "SPS", "SPS", "{D21641A5-D64D-474D-9402-C7BB1D7AC0D1}"
EndProject
Project("{2150E333-8FDC-42A3-9474-1A3956D46DE8}") = "Identity", "Identity", "{3E1E740F-E20F-4DF1-96FD-B2E3A6BDA2C1}"
EndProject
Project("{2150E333-8FDC-42A3-9474-1A3956D46DE8}") = "Service", "Service", "{8E9ED2E0-5FBF-4759-8E6C-D8F959D9453D}"
EndProject
Project("{2150E333-8FDC-42A3-9474-1A3956D46DE8}") = "Payment", "Payment", "{DB4B229E-3792-4F7E-B5CB-C52B2F7ECE5D}"
EndProject
Project("{FAE04EC0-301F-11D3-BF4B-00C04F79EFBC}") = "Identity.API", "Identity.API\Identity.API.csproj", "{ACF48D4B-A41F-449C-9F06-C43DB93D79FD}"
EndProject
Project("{FAE04EC0-301F-11D3-BF4B-00C04F79EFBC}") = "Identity.Application", "Identity.Application\Identity.Application.csproj", "{87E42E3A-AD22-4243-B2D3-D1AF04F3BC5B}"
EndProject
Project("{FAE04EC0-301F-11D3-BF4B-00C04F79EFBC}") = "Identity.Domain", "Identity.Domain\Identity.Domain.csproj", "{720C0B3B-52F6-462C-A7B8-160393370B28}"
EndProject
Project("{FAE04EC0-301F-11D3-BF4B-00C04F79EFBC}") = "Identity.Infrastructure", "Identity.Infrastructure\Identity.Infrastructure.csproj", "{1293F685-BBAA-4815-AC00-4A67BE4901AF}"
EndProject
Project("{2150E333-8FDC-42A3-9474-1A3956D46DE8}") = "Common", "Common", "{9D3642FD-4810-411F-BE0F-6BDCE91189EF}"
EndProject
Project("{FAE04EC0-301F-11D3-BF4B-00C04F79EFBC}") = "Application", "Application\Application.csproj", "{523A2362-5494-4F48-B23D-CE6267662506}"
EndProject
Global
	GlobalSection(SolutionConfigurationPlatforms) = preSolution
		Debug|Any CPU = Debug|Any CPU
		Release|Any CPU = Release|Any CPU
	EndGlobalSection
	GlobalSection(ProjectConfigurationPlatforms) = postSolution
		{ACF48D4B-A41F-449C-9F06-C43DB93D79FD}.Debug|Any CPU.ActiveCfg = Debug|Any CPU
		{ACF48D4B-A41F-449C-9F06-C43DB93D79FD}.Debug|Any CPU.Build.0 = Debug|Any CPU
		{ACF48D4B-A41F-449C-9F06-C43DB93D79FD}.Release|Any CPU.ActiveCfg = Release|Any CPU
		{ACF48D4B-A41F-449C-9F06-C43DB93D79FD}.Release|Any CPU.Build.0 = Release|Any CPU
		{87E42E3A-AD22-4243-B2D3-D1AF04F3BC5B}.Debug|Any CPU.ActiveCfg = Debug|Any CPU
		{87E42E3A-AD22-4243-B2D3-D1AF04F3BC5B}.Debug|Any CPU.Build.0 = Debug|Any CPU
		{87E42E3A-AD22-4243-B2D3-D1AF04F3BC5B}.Release|Any CPU.ActiveCfg = Release|Any CPU
		{87E42E3A-AD22-4243-B2D3-D1AF04F3BC5B}.Release|Any CPU.Build.0 = Release|Any CPU
		{720C0B3B-52F6-462C-A7B8-160393370B28}.Debug|Any CPU.ActiveCfg = Debug|Any CPU
		{720C0B3B-52F6-462C-A7B8-160393370B28}.Debug|Any CPU.Build.0 = Debug|Any CPU
		{720C0B3B-52F6-462C-A7B8-160393370B28}.Release|Any CPU.ActiveCfg = Release|Any CPU
		{720C0B3B-52F6-462C-A7B8-160393370B28}.Release|Any CPU.Build.0 = Release|Any CPU
		{1293F685-BBAA-4815-AC00-4A67BE4901AF}.Debug|Any CPU.ActiveCfg = Debug|Any CPU
		{1293F685-BBAA-4815-AC00-4A67BE4901AF}.Debug|Any CPU.Build.0 = Debug|Any CPU
		{1293F685-BBAA-4815-AC00-4A67BE4901AF}.Release|Any CPU.ActiveCfg = Release|Any CPU
		{1293F685-BBAA-4815-AC00-4A67BE4901AF}.Release|Any CPU.Build.0 = Release|Any CPU
		{523A2362-5494-4F48-B23D-CE6267662506}.Debug|Any CPU.ActiveCfg = Debug|Any CPU
		{523A2362-5494-4F48-B23D-CE6267662506}.Debug|Any CPU.Build.0 = Debug|Any CPU
		{523A2362-5494-4F48-B23D-CE6267662506}.Release|Any CPU.ActiveCfg = Release|Any CPU
		{523A2362-5494-4F48-B23D-CE6267662506}.Release|Any CPU.Build.0 = Release|Any CPU
	EndGlobalSection
	GlobalSection(SolutionProperties) = preSolution
		HideSolutionNode = FALSE
	EndGlobalSection
	GlobalSection(NestedProjects) = preSolution
		{ACF48D4B-A41F-449C-9F06-C43DB93D79FD} = {3E1E740F-E20F-4DF1-96FD-B2E3A6BDA2C1}
		{87E42E3A-AD22-4243-B2D3-D1AF04F3BC5B} = {3E1E740F-E20F-4DF1-96FD-B2E3A6BDA2C1}
		{720C0B3B-52F6-462C-A7B8-160393370B28} = {3E1E740F-E20F-4DF1-96FD-B2E3A6BDA2C1}
		{1293F685-BBAA-4815-AC00-4A67BE4901AF} = {3E1E740F-E20F-4DF1-96FD-B2E3A6BDA2C1}
		{523A2362-5494-4F48-B23D-CE6267662506} = {9D3642FD-4810-411F-BE0F-6BDCE91189EF}
	EndGlobalSection
	GlobalSection(ExtensibilityGlobals) = postSolution
		SolutionGuid = {FA9CE6CD-E3D8-41A0-B40C-C1664EEE8A72}
	EndGlobalSection
EndGlobal
